
Microsoft Visual Studio Solution File, Format Version 12.00
# Visual Studio Version 16
VisualStudioVersion = 16.0.30517.126
MinimumVisualStudioVersion = 10.0.40219.1
Project("{2150E333-8FDC-42A3-9474-1A3956D46DE8}") = "1 - Presentation", "1 - Presentation", "{A9579A2E-586D-44B4-8783-9428102F59A7}"
EndProject
Project("{2150E333-8FDC-42A3-9474-1A3956D46DE8}") = "2 - Services", "2 - Services", "{9F97FD57-A420-4C87-9C07-F1F61244E254}"
EndProject
Project("{2150E333-8FDC-42A3-9474-1A3956D46DE8}") = "3 - Application", "3 - Application", "{E7C84DD5-18BD-4EF0-8460-D831C842FDD4}"
EndProject
Project("{2150E333-8FDC-42A3-9474-1A3956D46DE8}") = "4 - Domain", "4 - Domain", "{DDCD99C4-AF1E-4A55-9745-4368F3FAC83A}"
EndProject
Project("{2150E333-8FDC-42A3-9474-1A3956D46DE8}") = "5 - Infra", "5 - Infra", "{A8F6E6F7-4D30-4AE0-A1A6-3E748EABF58E}"
EndProject
Project("{2150E333-8FDC-42A3-9474-1A3956D46DE8}") = "5.2 - CrossCutting", "5.2 - CrossCutting", "{EBA305AC-178C-44D7-8FD2-1C38D27045F2}"
EndProject
Project("{2150E333-8FDC-42A3-9474-1A3956D46DE8}") = "5.1 - Data", "5.1 - Data", "{54C1608B-7799-4B40-AD1B-6BB9D01160E1}"
EndProject
Project("{9A19103F-16F7-4668-BE54-9A1E7A4F7556}") = "SistemaERP.Application", "src\SistemaERP.Application\SistemaERP.Application.csproj", "{BD082F1B-9C87-4FED-A25B-2D70D6BB0573}"
EndProject
Project("{9A19103F-16F7-4668-BE54-9A1E7A4F7556}") = "SistemaERP.Services.Api", "src\SistemaERP.Services.Api\SistemaERP.Services.Api.csproj", "{F5B6B5AE-066B-4FF4-A994-35EA73F15523}"
EndProject
Project("{9A19103F-16F7-4668-BE54-9A1E7A4F7556}") = "SistemaERP.Domain", "src\SistemaERP.Domain\SistemaERP.Domain.csproj", "{BB0D4BF7-0E34-46A0-885D-913C0E25871A}"
EndProject
Project("{9A19103F-16F7-4668-BE54-9A1E7A4F7556}") = "SistemaERP.Infra.Data", "src\SistemaERP.Infra.Data\SistemaERP.Infra.Data.csproj", "{4E5E9B47-249B-407D-A82E-717687DA6B0F}"
EndProject
Project("{9A19103F-16F7-4668-BE54-9A1E7A4F7556}") = "SistemaERP.Infra.CrossCutting.Identity", "src\SistemaERP.Infra.CrossCutting.Identity\SistemaERP.Infra.CrossCutting.Identity.csproj", "{2EC8473A-033C-4F76-BA2F-4A411ED85CAB}"
EndProject
Global
	GlobalSection(SolutionConfigurationPlatforms) = preSolution
		Debug|Any CPU = Debug|Any CPU
		Release|Any CPU = Release|Any CPU
	EndGlobalSection
	GlobalSection(ProjectConfigurationPlatforms) = postSolution
		{BD082F1B-9C87-4FED-A25B-2D70D6BB0573}.Debug|Any CPU.ActiveCfg = Debug|Any CPU
		{BD082F1B-9C87-4FED-A25B-2D70D6BB0573}.Debug|Any CPU.Build.0 = Debug|Any CPU
		{BD082F1B-9C87-4FED-A25B-2D70D6BB0573}.Release|Any CPU.ActiveCfg = Release|Any CPU
		{BD082F1B-9C87-4FED-A25B-2D70D6BB0573}.Release|Any CPU.Build.0 = Release|Any CPU
		{F5B6B5AE-066B-4FF4-A994-35EA73F15523}.Debug|Any CPU.ActiveCfg = Debug|Any CPU
		{F5B6B5AE-066B-4FF4-A994-35EA73F15523}.Debug|Any CPU.Build.0 = Debug|Any CPU
		{F5B6B5AE-066B-4FF4-A994-35EA73F15523}.Release|Any CPU.ActiveCfg = Release|Any CPU
		{F5B6B5AE-066B-4FF4-A994-35EA73F15523}.Release|Any CPU.Build.0 = Release|Any CPU
		{BB0D4BF7-0E34-46A0-885D-913C0E25871A}.Debug|Any CPU.ActiveCfg = Debug|Any CPU
		{BB0D4BF7-0E34-46A0-885D-913C0E25871A}.Debug|Any CPU.Build.0 = Debug|Any CPU
		{BB0D4BF7-0E34-46A0-885D-913C0E25871A}.Release|Any CPU.ActiveCfg = Release|Any CPU
		{BB0D4BF7-0E34-46A0-885D-913C0E25871A}.Release|Any CPU.Build.0 = Release|Any CPU
		{4E5E9B47-249B-407D-A82E-717687DA6B0F}.Debug|Any CPU.ActiveCfg = Debug|Any CPU
		{4E5E9B47-249B-407D-A82E-717687DA6B0F}.Debug|Any CPU.Build.0 = Debug|Any CPU
		{4E5E9B47-249B-407D-A82E-717687DA6B0F}.Release|Any CPU.ActiveCfg = Release|Any CPU
		{4E5E9B47-249B-407D-A82E-717687DA6B0F}.Release|Any CPU.Build.0 = Release|Any CPU
		{2EC8473A-033C-4F76-BA2F-4A411ED85CAB}.Debug|Any CPU.ActiveCfg = Debug|Any CPU
		{2EC8473A-033C-4F76-BA2F-4A411ED85CAB}.Debug|Any CPU.Build.0 = Debug|Any CPU
		{2EC8473A-033C-4F76-BA2F-4A411ED85CAB}.Release|Any CPU.ActiveCfg = Release|Any CPU
		{2EC8473A-033C-4F76-BA2F-4A411ED85CAB}.Release|Any CPU.Build.0 = Release|Any CPU
	EndGlobalSection
	GlobalSection(SolutionProperties) = preSolution
		HideSolutionNode = FALSE
	EndGlobalSection
	GlobalSection(NestedProjects) = preSolution
		{EBA305AC-178C-44D7-8FD2-1C38D27045F2} = {A8F6E6F7-4D30-4AE0-A1A6-3E748EABF58E}
		{54C1608B-7799-4B40-AD1B-6BB9D01160E1} = {A8F6E6F7-4D30-4AE0-A1A6-3E748EABF58E}
		{BD082F1B-9C87-4FED-A25B-2D70D6BB0573} = {E7C84DD5-18BD-4EF0-8460-D831C842FDD4}
		{F5B6B5AE-066B-4FF4-A994-35EA73F15523} = {9F97FD57-A420-4C87-9C07-F1F61244E254}
		{BB0D4BF7-0E34-46A0-885D-913C0E25871A} = {DDCD99C4-AF1E-4A55-9745-4368F3FAC83A}
		{4E5E9B47-249B-407D-A82E-717687DA6B0F} = {54C1608B-7799-4B40-AD1B-6BB9D01160E1}
		{2EC8473A-033C-4F76-BA2F-4A411ED85CAB} = {EBA305AC-178C-44D7-8FD2-1C38D27045F2}
	EndGlobalSection
	GlobalSection(ExtensibilityGlobals) = postSolution
		SolutionGuid = {44BB342A-042C-4CFD-9EBC-EE851DF431E7}
	EndGlobalSection
EndGlobal
